Microsoft Visual Studio Solution File, Format Version 12.00
# Visual Studio Version 17
VisualStudioVersion = 17.5.2.0
MinimumVisualStudioVersion = 10.0.40219.1
Project("{FAE04EC0-301F-11D3-BF4B-00C04F79EFBC}") = "monochip8", "monochip8.csproj", "{C1507B92-E98B-94A8-EC8A-148E303868D5}"
EndProject
Global
	GlobalSection(SolutionConfigurationPlatforms) = preSolution
		Debug|Any CPU = Debug|Any CPU
		Release|Any CPU = Release|Any CPU
	EndGlobalSection
	GlobalSection(ProjectConfigurationPlatforms) = postSolution
		{C1507B92-E98B-94A8-EC8A-148E303868D5}.Debug|Any CPU.ActiveCfg = Debug|Any CPU
		{C1507B92-E98B-94A8-EC8A-148E303868D5}.Debug|Any CPU.Build.0 = Debug|Any CPU
		{C1507B92-E98B-94A8-EC8A-148E303868D5}.Release|Any CPU.ActiveCfg = Release|Any CPU
		{C1507B92-E98B-94A8-EC8A-148E303868D5}.Release|Any CPU.Build.0 = Release|Any CPU
	EndGlobalSection
	GlobalSection(SolutionProperties) = preSolution
		HideSolutionNode = FALSE
	EndGlobalSection
	GlobalSection(ExtensibilityGlobals) = postSolution
		SolutionGuid = {F62D2FA4-DBF8-41C7-94C9-307DEC5A71F0}
	EndGlobalSection
EndGlobal
